
Microsoft Visual Studio Solution File, Format Version 12.00
# Visual Studio Version 17
VisualStudioVersion = 17.0.31903.59
MinimumVisualStudioVersion = 10.0.40219.1
Project("{FAE04EC0-301F-11D3-BF4B-00C04F79EFBC}") = "PsdSharp", "PsdSharp\PsdSharp.csproj", "{E675D51F-6245-4169-A215-B3C5E74ED19E}"
EndProject
Project("{2150E333-8FDC-42A3-9474-1A3956D46DE8}") = "Tests", "Tests", "{A509C62A-F04B-4A05-AF2E-61E35F60A93F}"
EndProject
Project("{FAE04EC0-301F-11D3-BF4B-00C04F79EFBC}") = "PsdSharp.Tests", "PsdSharp.Tests\PsdSharp.Tests.csproj", "{A424B402-D04F-462B-BBD8-58CE00A6BE11}"
EndProject
Project("{FAE04EC0-301F-11D3-BF4B-00C04F79EFBC}") = "PsdSharp.SkiaSharp", "PsdSharp.SkiaSharp\PsdSharp.SkiaSharp.csproj", "{31572D4E-33B7-405F-928D-2A493A24D0CD}"
EndProject
Project("{2150E333-8FDC-42A3-9474-1A3956D46DE8}") = "Samples", "Samples", "{72BD9459-D14A-4381-8F1F-27665941EA87}"
EndProject
Project("{FAE04EC0-301F-11D3-BF4B-00C04F79EFBC}") = "PsdSharp.Samples.Avalonia", "PsdSharp.Samples.Avalonia\PsdSharp.Samples.Avalonia.csproj", "{580A2AA6-5D4E-4426-AB97-BB217EB32A47}"
EndProject
Project("{FAE04EC0-301F-11D3-BF4B-00C04F79EFBC}") = "PsdSharp.AvaloniaControls", "PsdSharp.AvaloniaControls\PsdSharp.AvaloniaControls.csproj", "{9D01F1B9-E69C-4A0D-B97E-1DB21401B31C}"
EndProject
Project("{FAE04EC0-301F-11D3-BF4B-00C04F79EFBC}") = "PsdSharp.Samples.SkiaSharp", "PsdSharp.Samples.SkiaSharp\PsdSharp.Samples.SkiaSharp.csproj", "{205B45D9-8506-4B15-AAD3-BCF835EB6492}"
EndProject
Project("{FAE04EC0-301F-11D3-BF4B-00C04F79EFBC}") = "PsdSharp.WPF", "PsdSharp.WPF\PsdSharp.WPF.csproj", "{7C65FF78-7285-426B-B13B-DA22758625C9}"
EndProject
Project("{FAE04EC0-301F-11D3-BF4B-00C04F79EFBC}") = "PsdSharp.Samples.WPF", "PsdSharp.Samples.WPF\PsdSharp.Samples.WPF.csproj", "{C6B9E48A-02C2-478E-9FEF-B62B048EBE06}"
EndProject
Project("{FAE04EC0-301F-11D3-BF4B-00C04F79EFBC}") = "PsdSharp.Win32", "PsdSharp.Win32\PsdSharp.Win32.csproj", "{8017E587-E8C9-42DF-89D1-9B77EFAED4D4}"
EndProject
Project("{FAE04EC0-301F-11D3-BF4B-00C04F79EFBC}") = "PsdSharp.Samples.WinForms", "PsdSharp.Samples.WinForms\PsdSharp.Samples.WinForms.csproj", "{5A6818DC-F885-4F86-B6F8-5F64F6777A09}"
EndProject
Global
	GlobalSection(SolutionConfigurationPlatforms) = preSolution
		Debug|Any CPU = Debug|Any CPU
		Debug|x64 = Debug|x64
		Debug|x86 = Debug|x86
		Release|Any CPU = Release|Any CPU
		Release|x64 = Release|x64
		Release|x86 = Release|x86
	EndGlobalSection
	GlobalSection(ProjectConfigurationPlatforms) = postSolution
		{E675D51F-6245-4169-A215-B3C5E74ED19E}.Debug|Any CPU.ActiveCfg = Debug|Any CPU
		{E675D51F-6245-4169-A215-B3C5E74ED19E}.Debug|Any CPU.Build.0 = Debug|Any CPU
		{E675D51F-6245-4169-A215-B3C5E74ED19E}.Debug|x64.ActiveCfg = Debug|Any CPU
		{E675D51F-6245-4169-A215-B3C5E74ED19E}.Debug|x64.Build.0 = Debug|Any CPU
		{E675D51F-6245-4169-A215-B3C5E74ED19E}.Debug|x86.ActiveCfg = Debug|Any CPU
		{E675D51F-6245-4169-A215-B3C5E74ED19E}.Debug|x86.Build.0 = Debug|Any CPU
		{E675D51F-6245-4169-A215-B3C5E74ED19E}.Release|Any CPU.ActiveCfg = Release|Any CPU
		{E675D51F-6245-4169-A215-B3C5E74ED19E}.Release|Any CPU.Build.0 = Release|Any CPU
		{E675D51F-6245-4169-A215-B3C5E74ED19E}.Release|x64.ActiveCfg = Release|Any CPU
		{E675D51F-6245-4169-A215-B3C5E74ED19E}.Release|x64.Build.0 = Release|Any CPU
		{E675D51F-6245-4169-A215-B3C5E74ED19E}.Release|x86.ActiveCfg = Release|Any CPU
		{E675D51F-6245-4169-A215-B3C5E74ED19E}.Release|x86.Build.0 = Release|Any CPU
		{A424B402-D04F-462B-BBD8-58CE00A6BE11}.Debug|Any CPU.ActiveCfg = Debug|Any CPU
		{A424B402-D04F-462B-BBD8-58CE00A6BE11}.Debug|Any CPU.Build.0 = Debug|Any CPU
		{A424B402-D04F-462B-BBD8-58CE00A6BE11}.Debug|x64.ActiveCfg = Debug|Any CPU
		{A424B402-D04F-462B-BBD8-58CE00A6BE11}.Debug|x64.Build.0 = Debug|Any CPU
		{A424B402-D04F-462B-BBD8-58CE00A6BE11}.Debug|x86.ActiveCfg = Debug|Any CPU
		{A424B402-D04F-462B-BBD8-58CE00A6BE11}.Debug|x86.Build.0 = Debug|Any CPU
		{A424B402-D04F-462B-BBD8-58CE00A6BE11}.Release|Any CPU.ActiveCfg = Release|Any CPU
		{A424B402-D04F-462B-BBD8-58CE00A6BE11}.Release|Any CPU.Build.0 = Release|Any CPU
		{A424B402-D04F-462B-BBD8-58CE00A6BE11}.Release|x64.ActiveCfg = Release|Any CPU
		{A424B402-D04F-462B-BBD8-58CE00A6BE11}.Release|x64.Build.0 = Release|Any CPU
		{A424B402-D04F-462B-BBD8-58CE00A6BE11}.Release|x86.ActiveCfg = Release|Any CPU
		{A424B402-D04F-462B-BBD8-58CE00A6BE11}.Release|x86.Build.0 = Release|Any CPU
		{31572D4E-33B7-405F-928D-2A493A24D0CD}.Debug|Any CPU.ActiveCfg = Debug|Any CPU
		{31572D4E-33B7-405F-928D-2A493A24D0CD}.Debug|Any CPU.Build.0 = Debug|Any CPU
		{31572D4E-33B7-405F-928D-2A493A24D0CD}.Debug|x64.ActiveCfg = Debug|Any CPU
		{31572D4E-33B7-405F-928D-2A493A24D0CD}.Debug|x64.Build.0 = Debug|Any CPU
		{31572D4E-33B7-405F-928D-2A493A24D0CD}.Debug|x86.ActiveCfg = Debug|Any CPU
		{31572D4E-33B7-405F-928D-2A493A24D0CD}.Debug|x86.Build.0 = Debug|Any CPU
		{31572D4E-33B7-405F-928D-2A493A24D0CD}.Release|Any CPU.ActiveCfg = Release|Any CPU
		{31572D4E-33B7-405F-928D-2A493A24D0CD}.Release|Any CPU.Build.0 = Release|Any CPU
		{31572D4E-33B7-405F-928D-2A493A24D0CD}.Release|x64.ActiveCfg = Release|Any CPU
		{31572D4E-33B7-405F-928D-2A493A24D0CD}.Release|x64.Build.0 = Release|Any CPU
		{31572D4E-33B7-405F-928D-2A493A24D0CD}.Release|x86.ActiveCfg = Release|Any CPU
		{31572D4E-33B7-405F-928D-2A493A24D0CD}.Release|x86.Build.0 = Release|Any CPU
		{580A2AA6-5D4E-4426-AB97-BB217EB32A47}.Debug|Any CPU.ActiveCfg = Debug|Any CPU
		{580A2AA6-5D4E-4426-AB97-BB217EB32A47}.Debug|Any CPU.Build.0 = Debug|Any CPU
		{580A2AA6-5D4E-4426-AB97-BB217EB32A47}.Debug|x64.ActiveCfg = Debug|Any CPU
		{580A2AA6-5D4E-4426-AB97-BB217EB32A47}.Debug|x64.Build.0 = Debug|Any CPU
		{580A2AA6-5D4E-4426-AB97-BB217EB32A47}.Debug|x86.ActiveCfg = Debug|Any CPU
		{580A2AA6-5D4E-4426-AB97-BB217EB32A47}.Debug|x86.Build.0 = Debug|Any CPU
		{580A2AA6-5D4E-4426-AB97-BB217EB32A47}.Release|Any CPU.ActiveCfg = Release|Any CPU
		{580A2AA6-5D4E-4426-AB97-BB217EB32A47}.Release|Any CPU.Build.0 = Release|Any CPU
		{580A2AA6-5D4E-4426-AB97-BB217EB32A47}.Release|x64.ActiveCfg = Release|Any CPU
		{580A2AA6-5D4E-4426-AB97-BB217EB32A47}.Release|x64.Build.0 = Release|Any CPU
		{580A2AA6-5D4E-4426-AB97-BB217EB32A47}.Release|x86.ActiveCfg = Release|Any CPU
		{580A2AA6-5D4E-4426-AB97-BB217EB32A47}.Release|x86.Build.0 = Release|Any CPU
		{9D01F1B9-E69C-4A0D-B97E-1DB21401B31C}.Debug|Any CPU.ActiveCfg = Debug|Any CPU
		{9D01F1B9-E69C-4A0D-B97E-1DB21401B31C}.Debug|Any CPU.Build.0 = Debug|Any CPU
		{9D01F1B9-E69C-4A0D-B97E-1DB21401B31C}.Debug|x64.ActiveCfg = Debug|Any CPU
		{9D01F1B9-E69C-4A0D-B97E-1DB21401B31C}.Debug|x64.Build.0 = Debug|Any CPU
		{9D01F1B9-E69C-4A0D-B97E-1DB21401B31C}.Debug|x86.ActiveCfg = Debug|Any CPU
		{9D01F1B9-E69C-4A0D-B97E-1DB21401B31C}.Debug|x86.Build.0 = Debug|Any CPU
		{9D01F1B9-E69C-4A0D-B97E-1DB21401B31C}.Release|Any CPU.ActiveCfg = Release|Any CPU
		{9D01F1B9-E69C-4A0D-B97E-1DB21401B31C}.Release|Any CPU.Build.0 = Release|Any CPU
		{9D01F1B9-E69C-4A0D-B97E-1DB21401B31C}.Release|x64.ActiveCfg = Release|Any CPU
		{9D01F1B9-E69C-4A0D-B97E-1DB21401B31C}.Release|x64.Build.0 = Release|Any CPU
		{9D01F1B9-E69C-4A0D-B97E-1DB21401B31C}.Release|x86.ActiveCfg = Release|Any CPU
		{9D01F1B9-E69C-4A0D-B97E-1DB21401B31C}.Release|x86.Build.0 = Release|Any CPU
		{205B45D9-8506-4B15-AAD3-BCF835EB6492}.Debug|Any CPU.ActiveCfg = Debug|Any CPU
		{205B45D9-8506-4B15-AAD3-BCF835EB6492}.Debug|Any CPU.Build.0 = Debug|Any CPU
		{205B45D9-8506-4B15-AAD3-BCF835EB6492}.Debug|x64.ActiveCfg = Debug|Any CPU
		{205B45D9-8506-4B15-AAD3-BCF835EB6492}.Debug|x64.Build.0 = Debug|Any CPU
		{205B45D9-8506-4B15-AAD3-BCF835EB6492}.Debug|x86.ActiveCfg = Debug|Any CPU
		{205B45D9-8506-4B15-AAD3-BCF835EB6492}.Debug|x86.Build.0 = Debug|Any CPU
		{205B45D9-8506-4B15-AAD3-BCF835EB6492}.Release|Any CPU.ActiveCfg = Release|Any CPU
		{205B45D9-8506-4B15-AAD3-BCF835EB6492}.Release|Any CPU.Build.0 = Release|Any CPU
		{205B45D9-8506-4B15-AAD3-BCF835EB6492}.Release|x64.ActiveCfg = Release|Any CPU
		{205B45D9-8506-4B15-AAD3-BCF835EB6492}.Release|x64.Build.0 = Release|Any CPU
		{205B45D9-8506-4B15-AAD3-BCF835EB6492}.Release|x86.ActiveCfg = Release|Any CPU
		{205B45D9-8506-4B15-AAD3-BCF835EB6492}.Release|x86.Build.0 = Release|Any CPU
		{7C65FF78-7285-426B-B13B-DA22758625C9}.Debug|Any CPU.ActiveCfg = Debug|Any CPU
		{7C65FF78-7285-426B-B13B-DA22758625C9}.Debug|Any CPU.Build.0 = Debug|Any CPU
		{7C65FF78-7285-426B-B13B-DA22758625C9}.Debug|x64.ActiveCfg = Debug|Any CPU
		{7C65FF78-7285-426B-B13B-DA22758625C9}.Debug|x64.Build.0 = Debug|Any CPU
		{7C65FF78-7285-426B-B13B-DA22758625C9}.Debug|x86.ActiveCfg = Debug|Any CPU
		{7C65FF78-7285-426B-B13B-DA22758625C9}.Debug|x86.Build.0 = Debug|Any CPU
		{7C65FF78-7285-426B-B13B-DA22758625C9}.Release|Any CPU.ActiveCfg = Release|Any CPU
		{7C65FF78-7285-426B-B13B-DA22758625C9}.Release|Any CPU.Build.0 = Release|Any CPU
		{7C65FF78-7285-426B-B13B-DA22758625C9}.Release|x64.ActiveCfg = Release|Any CPU
		{7C65FF78-7285-426B-B13B-DA22758625C9}.Release|x64.Build.0 = Release|Any CPU
		{7C65FF78-7285-426B-B13B-DA22758625C9}.Release|x86.ActiveCfg = Release|Any CPU
		{7C65FF78-7285-426B-B13B-DA22758625C9}.Release|x86.Build.0 = Release|Any CPU
		{C6B9E48A-02C2-478E-9FEF-B62B048EBE06}.Debug|Any CPU.ActiveCfg = Debug|Any CPU
		{C6B9E48A-02C2-478E-9FEF-B62B048EBE06}.Debug|Any CPU.Build.0 = Debug|Any CPU
		{C6B9E48A-02C2-478E-9FEF-B62B048EBE06}.Debug|x64.ActiveCfg = Debug|Any CPU
		{C6B9E48A-02C2-478E-9FEF-B62B048EBE06}.Debug|x64.Build.0 = Debug|Any CPU
		{C6B9E48A-02C2-478E-9FEF-B62B048EBE06}.Debug|x86.ActiveCfg = Debug|Any CPU
		{C6B9E48A-02C2-478E-9FEF-B62B048EBE06}.Debug|x86.Build.0 = Debug|Any CPU
		{C6B9E48A-02C2-478E-9FEF-B62B048EBE06}.Release|Any CPU.ActiveCfg = Release|Any CPU
		{C6B9E48A-02C2-478E-9FEF-B62B048EBE06}.Release|Any CPU.Build.0 = Release|Any CPU
		{C6B9E48A-02C2-478E-9FEF-B62B048EBE06}.Release|x64.ActiveCfg = Release|Any CPU
		{C6B9E48A-02C2-478E-9FEF-B62B048EBE06}.Release|x64.Build.0 = Release|Any CPU
		{C6B9E48A-02C2-478E-9FEF-B62B048EBE06}.Release|x86.ActiveCfg = Release|Any CPU
		{C6B9E48A-02C2-478E-9FEF-B62B048EBE06}.Release|x86.Build.0 = Release|Any CPU
		{8017E587-E8C9-42DF-89D1-9B77EFAED4D4}.Debug|Any CPU.ActiveCfg = Debug|Any CPU
		{8017E587-E8C9-42DF-89D1-9B77EFAED4D4}.Debug|Any CPU.Build.0 = Debug|Any CPU
		{8017E587-E8C9-42DF-89D1-9B77EFAED4D4}.Debug|x64.ActiveCfg = Debug|Any CPU
		{8017E587-E8C9-42DF-89D1-9B77EFAED4D4}.Debug|x64.Build.0 = Debug|Any CPU
		{8017E587-E8C9-42DF-89D1-9B77EFAED4D4}.Debug|x86.ActiveCfg = Debug|Any CPU
		{8017E587-E8C9-42DF-89D1-9B77EFAED4D4}.Debug|x86.Build.0 = Debug|Any CPU
		{8017E587-E8C9-42DF-89D1-9B77EFAED4D4}.Release|Any CPU.ActiveCfg = Release|Any CPU
		{8017E587-E8C9-42DF-89D1-9B77EFAED4D4}.Release|Any CPU.Build.0 = Release|Any CPU
		{8017E587-E8C9-42DF-89D1-9B77EFAED4D4}.Release|x64.ActiveCfg = Release|Any CPU
		{8017E587-E8C9-42DF-89D1-9B77EFAED4D4}.Release|x64.Build.0 = Release|Any CPU
		{8017E587-E8C9-42DF-89D1-9B77EFAED4D4}.Release|x86.ActiveCfg = Release|Any CPU
		{8017E587-E8C9-42DF-89D1-9B77EFAED4D4}.Release|x86.Build.0 = Release|Any CPU
		{5A6818DC-F885-4F86-B6F8-5F64F6777A09}.Debug|Any CPU.ActiveCfg = Debug|Any CPU
		{5A6818DC-F885-4F86-B6F8-5F64F6777A09}.Debug|Any CPU.Build.0 = Debug|Any CPU
		{5A6818DC-F885-4F86-B6F8-5F64F6777A09}.Debug|x64.ActiveCfg = Debug|Any CPU
		{5A6818DC-F885-4F86-B6F8-5F64F6777A09}.Debug|x64.Build.0 = Debug|Any CPU
		{5A6818DC-F885-4F86-B6F8-5F64F6777A09}.Debug|x86.ActiveCfg = Debug|Any CPU
		{5A6818DC-F885-4F86-B6F8-5F64F6777A09}.Debug|x86.Build.0 = Debug|Any CPU
		{5A6818DC-F885-4F86-B6F8-5F64F6777A09}.Release|Any CPU.ActiveCfg = Release|Any CPU
		{5A6818DC-F885-4F86-B6F8-5F64F6777A09}.Release|Any CPU.Build.0 = Release|Any CPU
		{5A6818DC-F885-4F86-B6F8-5F64F6777A09}.Release|x64.ActiveCfg = Release|Any CPU
		{5A6818DC-F885-4F86-B6F8-5F64F6777A09}.Release|x64.Build.0 = Release|Any CPU
		{5A6818DC-F885-4F86-B6F8-5F64F6777A09}.Release|x86.ActiveCfg = Release|Any CPU
		{5A6818DC-F885-4F86-B6F8-5F64F6777A09}.Release|x86.Build.0 = Release|Any CPU
	EndGlobalSection
	GlobalSection(SolutionProperties) = preSolution
		HideSolutionNode = FALSE
	EndGlobalSection
	GlobalSection(NestedProjects) = preSolution
		{A424B402-D04F-462B-BBD8-58CE00A6BE11} = {A509C62A-F04B-4A05-AF2E-61E35F60A93F}
		{580A2AA6-5D4E-4426-AB97-BB217EB32A47} = {72BD9459-D14A-4381-8F1F-27665941EA87}
		{205B45D9-8506-4B15-AAD3-BCF835EB6492} = {72BD9459-D14A-4381-8F1F-27665941EA87}
		{C6B9E48A-02C2-478E-9FEF-B62B048EBE06} = {72BD9459-D14A-4381-8F1F-27665941EA87}
		{5A6818DC-F885-4F86-B6F8-5F64F6777A09} = {72BD9459-D14A-4381-8F1F-27665941EA87}
	EndGlobalSection
EndGlobal
